{
	"name": "@itbg/example-debug",
	"version": "1.0.0",
	"lockfileVersion": 3,
	"requires": true,
	"packages": {
		"": {
			"name": "@itbg/example-debug",
			"version": "1.0.0",
			"dependencies": {
				"@react-navigation/core": "next",
				"@react-navigation/drawer": "next",
				"@react-navigation/native": "next",
				"@react-navigation/native-stack": "next",
				"react": "19.2.0",
				"react-dom": "19.2.0",
				"react-native": "0.83.2",
				"react-native-drawer-layout": "4.2.2",
				"react-native-gesture-handler": "2.30.0",
				"react-native-reanimated": "4.2.2",
				"react-native-web": "0.21.2"
			},
			"devDependencies": {
				"@types/node": "25.4.0",
				"@types/react": "19.2.14",
				"@types/react-dom": "19.1.11",
				"@vitejs/plugin-react-swc": "4.2.3",
				"typescript": "5.9.3",
				"vite": "7.3.1",
				"vite-plugin-react-native-web": "2.7.1"
			}
		},
		"../../node_modules/.pnpm/@types+node@25.4.0/node_modules/@types/node": {
			"version": "25.4.0",
			"dev": true,
			"license": "MIT",
			"dependencies": {
				"undici-types": "~7.18.0"
			}
		},
		"../../node_modules/.pnpm/@types+react-dom@19.1.11_@types+react@19.2.14/node_modules/@types/react-dom": {
			"version": "19.1.11",
			"dev": true,
			"license": "MIT",
			"peerDependencies": {
				"@types/react": "^19.0.0"
			}
		},
		"../../node_modules/.pnpm/@types+react@19.2.14/node_modules/@types/react": {
			"version": "19.2.14",
			"dev": true,
			"license": "MIT",
			"dependencies": {
				"csstype": "^3.2.2"
			}
		},
		"../../node_modules/.pnpm/@vitejs+plugin-react-swc@4.2.3_vite@7.3.1_@types+node@25.4.0_jiti@2.6.1_lightningcss@1._02e13bb2d35b6ae9d0f535d5381da869/node_modules/@vitejs/plugin-react-swc": {
			"version": "4.2.3",
			"dev": true,
			"license": "MIT",
			"dependencies": {
				"@rolldown/pluginutils": "1.0.0-rc.2",
				"@swc/core": "^1.15.11"
			},
			"engines": {
				"node": "^20.19.0 || >=22.12.0"
			},
			"peerDependencies": {
				"vite": "^4 || ^5 || ^6 || ^7"
			}
		},
		"../../node_modules/.pnpm/react-dom@19.2.0_react@19.2.0/node_modules/react-dom": {
			"version": "19.2.0",
			"license": "MIT",
			"dependencies": {
				"scheduler": "^0.27.0"
			},
			"peerDependencies": {
				"react": "^19.2.0"
			}
		},
		"../../node_modules/.pnpm/react-native-drawer-layout@4.2.2_react-native-gesture-handler@2.30.0_react-native@0.83._8a059c6981141511c4d026f65c942f4b/node_modules/react-native-drawer-layout": {
			"version": "4.2.2",
			"license": "MIT",
			"dependencies": {
				"color": "^4.2.3",
				"use-latest-callback": "^0.2.4"
			},
			"devDependencies": {
				"@jest/globals": "^30.0.0",
				"@testing-library/react-native": "^13.2.1",
				"@types/color": "^4.2.0",
				"@types/react": "~19.0.10",
				"del-cli": "^6.0.0",
				"react": "19.1.0",
				"react-native": "0.81.5",
				"react-native-builder-bob": "^0.40.17",
				"react-native-reanimated": "^3.19.4",
				"typescript": "^5.9.2"
			},
			"peerDependencies": {
				"react": ">= 18.2.0",
				"react-native": "*",
				"react-native-gesture-handler": ">= 2.0.0",
				"react-native-reanimated": ">= 2.0.0"
			}
		},
		"../../node_modules/.pnpm/react-native-gesture-handler@2.30.0_react-native@0.83.2_@babel+core@7.29.0_@types+react_6b80415f53854bd5d614ad1c2bd3a6a2/node_modules/react-native-gesture-handler": {
			"version": "2.30.0",
			"license": "MIT",
			"dependencies": {
				"@egjs/hammerjs": "^2.0.17",
				"hoist-non-react-statics": "^3.3.0",
				"invariant": "^2.2.4"
			},
			"devDependencies": {
				"@babel/core": "^7.25.2",
				"@babel/preset-env": "^7.25.3",
				"@babel/preset-typescript": "^7.12.7",
				"@react-native/babel-preset": "0.83.0",
				"@testing-library/react-native": "^12.5.1",
				"@types/hoist-non-react-statics": "^3.3.1",
				"@types/invariant": "^2.2.37",
				"@types/jest": "^27.0.3",
				"@types/react": "^19.2.0",
				"@types/react-test-renderer": "^19.1.0",
				"@typescript-eslint/eslint-plugin": "^6.9.0",
				"@typescript-eslint/parser": "^6.9.0",
				"babel-plugin-module-resolver": "^5.0.2",
				"clang-format": "^1.8.0",
				"eslint": "^8.57.0",
				"eslint-config-satya164": "3.3.0",
				"eslint-import-resolver-babel-module": "^5.2.0",
				"eslint-plugin-jest": "27.4.3",
				"eslint-plugin-prettier": "^5.0.1",
				"eslint-plugin-react": "^7.37.5",
				"husky": "^8.0.1",
				"jest": "^28.1.0",
				"lint-staged": "^12.3.2",
				"madge": "^6.1.0",
				"prettier": "3.3.3",
				"react": "19.2.0",
				"react-native": "0.83.0",
				"react-native-builder-bob": "^0.40.13",
				"react-native-reanimated": "^3.18.0",
				"react-test-renderer": "19.2.0",
				"typescript": "~5.8.3"
			},
			"peerDependencies": {
				"react": "*",
				"react-native": "*"
			}
		},
		"../../node_modules/.pnpm/react-native-reanimated@4.2.2_react-native-worklets@0.7.4_@babel+core@7.29.0_react-nati_2f3e03287d118441335888369cb25c68/node_modules/react-native-reanimated": {
			"version": "4.2.2",
			"license": "MIT",
			"dependencies": {
				"react-native-is-edge-to-edge": "1.2.1",
				"semver": "7.7.3"
			},
			"devDependencies": {
				"@babel/core": "7.28.4",
				"@babel/preset-env": "7.28.3",
				"@react-native/babel-preset": "0.84.0",
				"@react-native/eslint-config": "0.84.0",
				"@react-native/metro-config": "0.84.0",
				"@react-native/typescript-config": "0.84.0",
				"@shopify/flash-list": "2.1.0",
				"@testing-library/dom": "10.4.0",
				"@testing-library/jest-native": "5.4.3",
				"@testing-library/react": "16.1.0",
				"@testing-library/react-hooks": "8.0.1",
				"@testing-library/react-native": "13.3.3",
				"@types/convert-source-map": "2.0.3",
				"@types/jest": "30.0.0",
				"@types/node": "24.0.14",
				"@types/react": "19.2.2",
				"@types/react-test-renderer": "19.1.0",
				"@types/semver": "7.7.1",
				"clang-format-node": "1.3.5",
				"eslint": "9.37.0",
				"jest": "30.2.0",
				"jest-expo": "52.0.5",
				"knip": "5.61.3",
				"madge": "8.0.0",
				"prettier": "3.6.2",
				"react": "19.2.3",
				"react-dom": "19.2.3",
				"react-native": "0.84.0",
				"react-native-builder-bob": "0.40.13",
				"react-native-svg": "15.14.0",
				"react-native-web": "0.21.1",
				"react-native-worklets": "0.8.0-nightly-20260211-96ab3f00d",
				"react-test-renderer": "19.2.3",
				"typescript": "5.8.3"
			},
			"peerDependencies": {
				"react": "*",
				"react-native": "*",
				"react-native-worklets": ">=0.7.0"
			}
		},
		"../../node_modules/.pnpm/react-native-web@0.21.2_react-dom@19.2.0_react@19.2.0__react@19.2.0/node_modules/react-native-web": {
			"version": "0.21.2",
			"license": "MIT",
			"dependencies": {
				"@babel/runtime": "^7.18.6",
				"@react-native/normalize-colors": "^0.74.1",
				"fbjs": "^3.0.4",
				"inline-style-prefixer": "^7.0.1",
				"memoize-one": "^6.0.0",
				"nullthrows": "^1.1.1",
				"postcss-value-parser": "^4.2.0",
				"styleq": "^0.1.3"
			},
			"peerDependencies": {
				"react": "^18.0.0 || ^19.0.0",
				"react-dom": "^18.0.0 || ^19.0.0"
			}
		},
		"../../node_modules/.pnpm/react-native@0.83.2_@babel+core@7.29.0_@types+react@19.2.14_react@19.2.0/node_modules/react-native": {
			"version": "0.83.2",
			"license": "MIT",
			"dependencies": {
				"@jest/create-cache-key-function": "^29.7.0",
				"@react-native/assets-registry": "0.83.2",
				"@react-native/codegen": "0.83.2",
				"@react-native/community-cli-plugin": "0.83.2",
				"@react-native/gradle-plugin": "0.83.2",
				"@react-native/js-polyfills": "0.83.2",
				"@react-native/normalize-colors": "0.83.2",
				"@react-native/virtualized-lists": "0.83.2",
				"abort-controller": "^3.0.0",
				"anser": "^1.4.9",
				"ansi-regex": "^5.0.0",
				"babel-jest": "^29.7.0",
				"babel-plugin-syntax-hermes-parser": "0.32.0",
				"base64-js": "^1.5.1",
				"commander": "^12.0.0",
				"flow-enums-runtime": "^0.0.6",
				"glob": "^7.1.1",
				"hermes-compiler": "0.14.1",
				"invariant": "^2.2.4",
				"jest-environment-node": "^29.7.0",
				"memoize-one": "^5.0.0",
				"metro-runtime": "^0.83.3",
				"metro-source-map": "^0.83.3",
				"nullthrows": "^1.1.1",
				"pretty-format": "^29.7.0",
				"promise": "^8.3.0",
				"react-devtools-core": "^6.1.5",
				"react-refresh": "^0.14.0",
				"regenerator-runtime": "^0.13.2",
				"scheduler": "0.27.0",
				"semver": "^7.1.3",
				"stacktrace-parser": "^0.1.10",
				"whatwg-fetch": "^3.0.0",
				"ws": "^7.5.10",
				"yargs": "^17.6.2"
			},
			"bin": {
				"react-native": "cli.js"
			},
			"engines": {
				"node": ">= 20.19.4"
			},
			"peerDependencies": {
				"@types/react": "^19.1.1",
				"react": "^19.2.0"
			},
			"peerDependenciesMeta": {
				"@types/react": {
					"optional": true
				}
			}
		},
		"../../node_modules/.pnpm/react@19.2.0/node_modules/react": {
			"version": "19.2.0",
			"license": "MIT",
			"engines": {
				"node": ">=0.10.0"
			}
		},
		"../../node_modules/.pnpm/typescript@5.9.3/node_modules/typescript": {
			"version": "5.9.3",
			"dev": true,
			"license": "Apache-2.0",
			"bin": {
				"tsc": "bin/tsc",
				"tsserver": "bin/tsserver"
			},
			"devDependencies": {
				"@dprint/formatter": "^0.4.1",
				"@dprint/typescript": "0.93.4",
				"@esfx/canceltoken": "^1.0.0",
				"@eslint/js": "^9.20.0",
				"@octokit/rest": "^21.1.1",
				"@types/chai": "^4.3.20",
				"@types/diff": "^7.0.1",
				"@types/minimist": "^1.2.5",
				"@types/mocha": "^10.0.10",
				"@types/ms": "^0.7.34",
				"@types/node": "latest",
				"@types/source-map-support": "^0.5.10",
				"@types/which": "^3.0.4",
				"@typescript-eslint/rule-tester": "^8.24.1",
				"@typescript-eslint/type-utils": "^8.24.1",
				"@typescript-eslint/utils": "^8.24.1",
				"azure-devops-node-api": "^14.1.0",
				"c8": "^10.1.3",
				"chai": "^4.5.0",
				"chokidar": "^4.0.3",
				"diff": "^7.0.0",
				"dprint": "^0.49.0",
				"esbuild": "^0.25.0",
				"eslint": "^9.20.1",
				"eslint-formatter-autolinkable-stylish": "^1.4.0",
				"eslint-plugin-regexp": "^2.7.0",
				"fast-xml-parser": "^4.5.2",
				"glob": "^10.4.5",
				"globals": "^15.15.0",
				"hereby": "^1.10.0",
				"jsonc-parser": "^3.3.1",
				"knip": "^5.44.4",
				"minimist": "^1.2.8",
				"mocha": "^10.8.2",
				"mocha-fivemat-progress-reporter": "^0.1.0",
				"monocart-coverage-reports": "^2.12.1",
				"ms": "^2.1.3",
				"picocolors": "^1.1.1",
				"playwright": "^1.50.1",
				"source-map-support": "^0.5.21",
				"tslib": "^2.8.1",
				"typescript": "^5.7.3",
				"typescript-eslint": "^8.24.1",
				"which": "^3.0.1"
			},
			"engines": {
				"node": ">=14.17"
			}
		},
		"../../node_modules/.pnpm/vite-plugin-react-native-web@2.7.1/node_modules/vite-plugin-react-native-web": {
			"version": "2.7.1",
			"dev": true,
			"license": "MIT",
			"dependencies": {
				"flow-remove-types": "^2.275.0"
			},
			"devDependencies": {
				"@biomejs/biome": "^2.1.1",
				"@rollup/plugin-typescript": "^12.1.4",
				"@types/node": "^24.0.14",
				"rollup": "^4.45.1",
				"tslib": "^2.8.1",
				"typescript": "^5.8.3",
				"vite": "^7.0.4"
			},
			"engines": {
				"node": ">=14.0.0"
			}
		},
		"../../node_modules/.pnpm/vite@7.3.1_@types+node@25.4.0_jiti@2.6.1_lightningcss@1.32.0_sass-embedded@1.97.3_sass@_26d6c05af6f2a6a4d12e65b33e8fe0f1/node_modules/vite": {
			"version": "7.3.1",
			"dev": true,
			"license": "MIT",
			"dependencies": {
				"esbuild": "^0.27.0",
				"fdir": "^6.5.0",
				"picomatch": "^4.0.3",
				"postcss": "^8.5.6",
				"rollup": "^4.43.0",
				"tinyglobby": "^0.2.15"
			},
			"bin": {
				"vite": "bin/vite.js"
			},
			"devDependencies": {
				"@babel/parser": "^7.28.5",
				"@jridgewell/remapping": "^2.3.5",
				"@jridgewell/trace-mapping": "^0.3.31",
				"@oxc-project/types": "0.95.0",
				"@polka/compression": "^1.0.0-next.25",
				"@rolldown/pluginutils": "^1.0.0-beta.52",
				"@rollup/plugin-alias": "^5.1.1",
				"@rollup/plugin-commonjs": "^29.0.0",
				"@rollup/plugin-dynamic-import-vars": "2.1.4",
				"@rollup/pluginutils": "^5.3.0",
				"@types/escape-html": "^1.0.4",
				"@types/pnpapi": "^0.0.5",
				"artichokie": "^0.4.2",
				"baseline-browser-mapping": "^2.8.32",
				"cac": "^6.7.14",
				"chokidar": "^3.6.0",
				"connect": "^3.7.0",
				"convert-source-map": "^2.0.0",
				"cors": "^2.8.5",
				"cross-spawn": "^7.0.6",
				"dotenv": "^17.2.3",
				"dotenv-expand": "^12.0.3",
				"es-module-lexer": "^1.7.0",
				"escape-html": "^1.0.3",
				"estree-walker": "^3.0.3",
				"etag": "^1.8.1",
				"host-validation-middleware": "^0.1.2",
				"http-proxy-3": "^1.22.0",
				"launch-editor-middleware": "^2.12.0",
				"lightningcss": "^1.30.2",
				"magic-string": "^0.30.21",
				"mlly": "^1.8.0",
				"mrmime": "^2.0.1",
				"nanoid": "^5.1.6",
				"obug": "^1.0.2",
				"open": "^10.2.0",
				"parse5": "^8.0.0",
				"pathe": "^2.0.3",
				"periscopic": "^4.0.2",
				"picocolors": "^1.1.1",
				"postcss-import": "^16.1.1",
				"postcss-load-config": "^6.0.1",
				"postcss-modules": "^6.0.1",
				"premove": "^4.0.0",
				"resolve.exports": "^2.0.3",
				"rolldown": "^1.0.0-beta.52",
				"rolldown-plugin-dts": "^0.18.1",
				"rollup-plugin-license": "^3.6.0",
				"sass": "^1.94.2",
				"sass-embedded": "^1.93.3",
				"sirv": "^3.0.2",
				"strip-literal": "^3.1.0",
				"terser": "^5.44.1",
				"tsconfck": "^3.1.6",
				"ufo": "^1.6.1",
				"ws": "^8.18.3"
			},
			"engines": {
				"node": "^20.19.0 || >=22.12.0"
			},
			"funding": {
				"url": "https://github.com/vitejs/vite?sponsor=1"
			},
			"optionalDependencies": {
				"fsevents": "~2.3.3"
			},
			"peerDependencies": {
				"@types/node": "^20.19.0 || >=22.12.0",
				"jiti": ">=1.21.0",
				"less": "^4.0.0",
				"lightningcss": "^1.21.0",
				"sass": "^1.70.0",
				"sass-embedded": "^1.70.0",
				"stylus": ">=0.54.8",
				"sugarss": "^5.0.0",
				"terser": "^5.16.0",
				"tsx": "^4.8.1",
				"yaml": "^2.4.2"
			},
			"peerDependenciesMeta": {
				"@types/node": {
					"optional": true
				},
				"jiti": {
					"optional": true
				},
				"less": {
					"optional": true
				},
				"lightningcss": {
					"optional": true
				},
				"sass": {
					"optional": true
				},
				"sass-embedded": {
					"optional": true
				},
				"stylus": {
					"optional": true
				},
				"sugarss": {
					"optional": true
				},
				"terser": {
					"optional": true
				},
				"tsx": {
					"optional": true
				},
				"yaml": {
					"optional": true
				}
			}
		},
		"node_modules/@callstack/liquid-glass": {
			"version": "0.7.0",
			"resolved": "https://registry.npmjs.org/@callstack/liquid-glass/-/liquid-glass-0.7.0.tgz",
			"integrity": "sha512-ztPuQnXG3z9kPWT0srf+yIbVZih/aifbynzormDzsFMWR6IQk3e0h8DEYic3sgW7PUa7A/GyaBBCpq10ZZvboA==",
			"license": "MIT",
			"peer": true,
			"workspaces": [
				"example"
			],
			"peerDependencies": {
				"react": "*",
				"react-native": "*"
			}
		},
		"node_modules/@react-navigation/core": {
			"version": "8.0.0-alpha.6",
			"resolved": "https://registry.npmjs.org/@react-navigation/core/-/core-8.0.0-alpha.6.tgz",
			"integrity": "sha512-AXsiaAUd4d3kzWLlnk5I0koFkNyaU9smrkD8UmNAGnE58d9vjsu1jfS7DCKZj5pcckbDcfsYuwnsnQmSGnxpfQ==",
			"license": "MIT",
			"dependencies": {
				"@react-navigation/routers": "^8.0.0-alpha.3",
				"escape-string-regexp": "^4.0.0",
				"fast-deep-equal": "^3.1.3",
				"nanoid": "^3.3.11",
				"query-string": "^7.1.3",
				"react-is": "^19.1.0",
				"use-latest-callback": "^0.3.2",
				"use-sync-external-store": "^1.5.0"
			},
			"peerDependencies": {
				"react": ">= 19.0.0"
			}
		},
		"node_modules/@react-navigation/drawer": {
			"version": "8.0.0-alpha.16",
			"resolved": "https://registry.npmjs.org/@react-navigation/drawer/-/drawer-8.0.0-alpha.16.tgz",
			"integrity": "sha512-VbA1mZ1aKgG5TmemSbBOB4DjrmihBnc0ltDXsd0biGzJso3sYDi5x/CEN1lagevljl4hUFJvLvUrkTBJlBZadA==",
			"license": "MIT",
			"dependencies": {
				"@react-navigation/elements": "^3.0.0-alpha.15",
				"color": "^4.2.3",
				"react-native-drawer-layout": "^5.0.0-alpha.2",
				"use-latest-callback": "^0.3.2"
			},
			"peerDependencies": {
				"@react-navigation/native": "^8.0.0-alpha.14",
				"react": ">= 19.0.0",
				"react-native": "*",
				"react-native-gesture-handler": ">= 2.0.0",
				"react-native-reanimated": ">= 4.0.0",
				"react-native-safe-area-context": ">= 5.5.0",
				"react-native-screens": ">= 4.19.0"
			}
		},
		"node_modules/@react-navigation/drawer/node_modules/react-native-drawer-layout": {
			"version": "5.0.0-alpha.2",
			"resolved": "https://registry.npmjs.org/react-native-drawer-layout/-/react-native-drawer-layout-5.0.0-alpha.2.tgz",
			"integrity": "sha512-Vo33aznA9wwUhyturvLcSBcOzITIkeGfXvZAoeZCMLzLSD9mATYXEKROBdHFie98Es5E9uglOtOEvNnq6JNoLQ==",
			"license": "MIT",
			"dependencies": {
				"color": "^4.2.3",
				"use-latest-callback": "^0.3.2"
			},
			"peerDependencies": {
				"react": ">= 19.0.0",
				"react-native": "*",
				"react-native-gesture-handler": ">= 2.0.0",
				"react-native-reanimated": ">= 4.0.0"
			}
		},
		"node_modules/@react-navigation/elements": {
			"version": "3.0.0-alpha.15",
			"resolved": "https://registry.npmjs.org/@react-navigation/elements/-/elements-3.0.0-alpha.15.tgz",
			"integrity": "sha512-YZv+099+aO2HIYIVK7kETq5IhsqUjnmyIxxBipZguoHZe/7EJklbMHI1yN1HOnpTUZEs5sv/rWVlXdC0anvsiA==",
			"license": "MIT",
			"dependencies": {
				"color": "^4.2.3",
				"use-latest-callback": "^0.3.2",
				"use-sync-external-store": "^1.5.0"
			},
			"peerDependencies": {
				"@callstack/liquid-glass": ">= 0.6.0",
				"@react-navigation/native": "^8.0.0-alpha.14",
				"react": ">= 19.0.0",
				"react-native": "*",
				"react-native-safe-area-context": ">= 5.5.0",
				"react-native-screens": ">= 4.19.0"
			}
		},
		"node_modules/@react-navigation/native": {
			"version": "8.0.0-alpha.14",
			"resolved": "https://registry.npmjs.org/@react-navigation/native/-/native-8.0.0-alpha.14.tgz",
			"integrity": "sha512-My+KunMcP/zijSj30xWNQDJry+NVjI/7YWKplFrEDMnQiECLC/G79EJJMhdIyVqbGrydjTInV8fDHzoKZ6dMUA==",
			"license": "MIT",
			"dependencies": {
				"@react-navigation/core": "^8.0.0-alpha.6",
				"escape-string-regexp": "^4.0.0",
				"fast-deep-equal": "^3.1.3",
				"nanoid": "^3.3.11",
				"sf-symbols-typescript": "^2.2.0",
				"use-latest-callback": "^0.3.2"
			},
			"peerDependencies": {
				"react": ">= 19.0.0",
				"react-native": "*"
			}
		},
		"node_modules/@react-navigation/native-stack": {
			"version": "8.0.0-alpha.17",
			"resolved": "https://registry.npmjs.org/@react-navigation/native-stack/-/native-stack-8.0.0-alpha.17.tgz",
			"integrity": "sha512-g+/IJfkDz4GX/TBkWEIFmTdwh46zwRTEeJAhIE3XfkVJ9mzRy7HKlrm9v/elzbMP9AE+sxBo9TX4E2g4f/BU5w==",
			"license": "MIT",
			"dependencies": {
				"@react-navigation/elements": "^3.0.0-alpha.15",
				"sf-symbols-typescript": "^2.2.0",
				"warn-once": "^0.1.1"
			},
			"peerDependencies": {
				"@react-navigation/native": "^8.0.0-alpha.14",
				"react": ">= 19.0.0",
				"react-native": "*",
				"react-native-safe-area-context": ">= 5.5.0",
				"react-native-screens": ">= 4.19.0"
			}
		},
		"node_modules/@react-navigation/routers": {
			"version": "8.0.0-alpha.3",
			"resolved": "https://registry.npmjs.org/@react-navigation/routers/-/routers-8.0.0-alpha.3.tgz",
			"integrity": "sha512-yPW5VY70r6fEgaxyMgdPBbDhDibBRA+oLU3K8W9PQ6yEh56TlG+5fIbrxKdRu5ZYmxY4amASWzQt9Gt+76QWbw==",
			"license": "MIT",
			"dependencies": {
				"nanoid": "^3.3.11"
			}
		},
		"node_modules/@types/node": {
			"resolved": "../../node_modules/.pnpm/@types+node@25.4.0/node_modules/@types/node",
			"link": true
		},
		"node_modules/@types/react": {
			"resolved": "../../node_modules/.pnpm/@types+react@19.2.14/node_modules/@types/react",
			"link": true
		},
		"node_modules/@types/react-dom": {
			"resolved": "../../node_modules/.pnpm/@types+react-dom@19.1.11_@types+react@19.2.14/node_modules/@types/react-dom",
			"link": true
		},
		"node_modules/@vitejs/plugin-react-swc": {
			"resolved": "../../node_modules/.pnpm/@vitejs+plugin-react-swc@4.2.3_vite@7.3.1_@types+node@25.4.0_jiti@2.6.1_lightningcss@1._02e13bb2d35b6ae9d0f535d5381da869/node_modules/@vitejs/plugin-react-swc",
			"link": true
		},
		"node_modules/color": {
			"version": "4.2.3",
			"resolved": "https://registry.npmjs.org/color/-/color-4.2.3.tgz",
			"integrity": "sha512-1rXeuUUiGGrykh+CeBdu5Ie7OJwinCgQY0bc7GCRxy5xVHy+moaqkpL/jqQq0MtQOeYcrqEz4abc5f0KtU7W4A==",
			"license": "MIT",
			"dependencies": {
				"color-convert": "^2.0.1",
				"color-string": "^1.9.0"
			},
			"engines": {
				"node": ">=12.5.0"
			}
		},
		"node_modules/color-convert": {
			"version": "2.0.1",
			"resolved": "https://registry.npmjs.org/color-convert/-/color-convert-2.0.1.tgz",
			"integrity": "sha512-RRECPsj7iu/xb5oKYcsFHSppFNnsj/52OVTRKb4zP5onXwVF3zVmmToNcOfGC+CRDpfK/U584fMg38ZHCaElKQ==",
			"license": "MIT",
			"dependencies": {
				"color-name": "~1.1.4"
			},
			"engines": {
				"node": ">=7.0.0"
			}
		},
		"node_modules/color-name": {
			"version": "1.1.4",
			"resolved": "https://registry.npmjs.org/color-name/-/color-name-1.1.4.tgz",
			"integrity": "sha512-dOy+3AuW3a2wNbZHIuMZpTcgjGuLU/uBL/ubcZF9OXbDo8ff4O8yVp5Bf0efS8uEoYo5q4Fx7dY9OgQGXgAsQA==",
			"license": "MIT"
		},
		"node_modules/color-string": {
			"version": "1.9.1",
			"resolved": "https://registry.npmjs.org/color-string/-/color-string-1.9.1.tgz",
			"integrity": "sha512-shrVawQFojnZv6xM40anx4CkoDP+fZsw/ZerEMsW/pyzsRbElpsL/DBVW7q3ExxwusdNXI3lXpuhEZkzs8p5Eg==",
			"license": "MIT",
			"dependencies": {
				"color-name": "^1.0.0",
				"simple-swizzle": "^0.2.2"
			}
		},
		"node_modules/decode-uri-component": {
			"version": "0.2.2",
			"resolved": "https://registry.npmjs.org/decode-uri-component/-/decode-uri-component-0.2.2.tgz",
			"integrity": "sha512-FqUYQ+8o158GyGTrMFJms9qh3CqTKvAqgqsTnkLI8sKu0028orqBhxNMFkFen0zGyg6epACD32pjVk58ngIErQ==",
			"license": "MIT",
			"engines": {
				"node": ">=0.10"
			}
		},
		"node_modules/escape-string-regexp": {
			"version": "4.0.0",
			"resolved": "https://registry.npmjs.org/escape-string-regexp/-/escape-string-regexp-4.0.0.tgz",
			"integrity": "sha512-TtpcNJ3XAzx3Gq8sWRzJaVajRs0uVxA2YAkdb1jm2YkPz4G6egUFAyA3n5vtEIZefPk5Wa4UXbKuS5fKkJWdgA==",
			"license": "MIT",
			"engines": {
				"node": ">=10"
			},
			"funding": {
				"url": "https://github.com/sponsors/sindresorhus"
			}
		},
		"node_modules/fast-deep-equal": {
			"version": "3.1.3",
			"resolved": "https://registry.npmjs.org/fast-deep-equal/-/fast-deep-equal-3.1.3.tgz",
			"integrity": "sha512-f3qQ9oQy9j2AhBe/H9VC91wLmKBCCU/gDOnKNAYG5hswO7BLKj09Hc5HYNz9cGI++xlpDCIgDaitVs03ATR84Q==",
			"license": "MIT"
		},
		"node_modules/filter-obj": {
			"version": "1.1.0",
			"resolved": "https://registry.npmjs.org/filter-obj/-/filter-obj-1.1.0.tgz",
			"integrity": "sha512-8rXg1ZnX7xzy2NGDVkBVaAy+lSlPNwad13BtgSlLuxfIslyt5Vg64U7tFcCt4WS1R0hvtnQybT/IyCkGZ3DpXQ==",
			"license": "MIT",
			"engines": {
				"node": ">=0.10.0"
			}
		},
		"node_modules/is-arrayish": {
			"version": "0.3.4",
			"resolved": "https://registry.npmjs.org/is-arrayish/-/is-arrayish-0.3.4.tgz",
			"integrity": "sha512-m6UrgzFVUYawGBh1dUsWR5M2Clqic9RVXC/9f8ceNlv2IcO9j9J/z8UoCLPqtsPBFNzEpfR3xftohbfqDx8EQA==",
			"license": "MIT"
		},
		"node_modules/nanoid": {
			"version": "3.3.11",
			"resolved": "https://registry.npmjs.org/nanoid/-/nanoid-3.3.11.tgz",
			"integrity": "sha512-N8SpfPUnUp1bK+PMYW8qSWdl9U+wwNWI4QKxOYDy9JAro3WMX7p2OeVRF9v+347pnakNevPmiHhNmZ2HbFA76w==",
			"funding": [
				{
					"type": "github",
					"url": "https://github.com/sponsors/ai"
				}
			],
			"license": "MIT",
			"bin": {
				"nanoid": "bin/nanoid.cjs"
			},
			"engines": {
				"node": "^10 || ^12 || ^13.7 || ^14 || >=15.0.1"
			}
		},
		"node_modules/query-string": {
			"version": "7.1.3",
			"resolved": "https://registry.npmjs.org/query-string/-/query-string-7.1.3.tgz",
			"integrity": "sha512-hh2WYhq4fi8+b+/2Kg9CEge4fDPvHS534aOOvOZeQ3+Vf2mCFsaFBYj0i+iXcAq6I9Vzp5fjMFBlONvayDC1qg==",
			"license": "MIT",
			"dependencies": {
				"decode-uri-component": "^0.2.2",
				"filter-obj": "^1.1.0",
				"split-on-first": "^1.0.0",
				"strict-uri-encode": "^2.0.0"
			},
			"engines": {
				"node": ">=6"
			},
			"funding": {
				"url": "https://github.com/sponsors/sindresorhus"
			}
		},
		"node_modules/react": {
			"resolved": "../../node_modules/.pnpm/react@19.2.0/node_modules/react",
			"link": true
		},
		"node_modules/react-dom": {
			"resolved": "../../node_modules/.pnpm/react-dom@19.2.0_react@19.2.0/node_modules/react-dom",
			"link": true
		},
		"node_modules/react-freeze": {
			"version": "1.0.4",
			"resolved": "https://registry.npmjs.org/react-freeze/-/react-freeze-1.0.4.tgz",
			"integrity": "sha512-r4F0Sec0BLxWicc7HEyo2x3/2icUTrRmDjaaRyzzn+7aDyFZliszMDOgLVwSnQnYENOlL1o569Ze2HZefk8clA==",
			"license": "MIT",
			"peer": true,
			"engines": {
				"node": ">=10"
			},
			"peerDependencies": {
				"react": ">=17.0.0"
			}
		},
		"node_modules/react-is": {
			"version": "19.2.4",
			"resolved": "https://registry.npmjs.org/react-is/-/react-is-19.2.4.tgz",
			"integrity": "sha512-W+EWGn2v0ApPKgKKCy/7s7WHXkboGcsrXE+2joLyVxkbyVQfO3MUEaUQDHoSmb8TFFrSKYa9mw64WZHNHSDzYA==",
			"license": "MIT"
		},
		"node_modules/react-native": {
			"resolved": "../../node_modules/.pnpm/react-native@0.83.2_@babel+core@7.29.0_@types+react@19.2.14_react@19.2.0/node_modules/react-native",
			"link": true
		},
		"node_modules/react-native-drawer-layout": {
			"resolved": "../../node_modules/.pnpm/react-native-drawer-layout@4.2.2_react-native-gesture-handler@2.30.0_react-native@0.83._8a059c6981141511c4d026f65c942f4b/node_modules/react-native-drawer-layout",
			"link": true
		},
		"node_modules/react-native-gesture-handler": {
			"resolved": "../../node_modules/.pnpm/react-native-gesture-handler@2.30.0_react-native@0.83.2_@babel+core@7.29.0_@types+react_6b80415f53854bd5d614ad1c2bd3a6a2/node_modules/react-native-gesture-handler",
			"link": true
		},
		"node_modules/react-native-reanimated": {
			"resolved": "../../node_modules/.pnpm/react-native-reanimated@4.2.2_react-native-worklets@0.7.4_@babel+core@7.29.0_react-nati_2f3e03287d118441335888369cb25c68/node_modules/react-native-reanimated",
			"link": true
		},
		"node_modules/react-native-safe-area-context": {
			"version": "5.7.0",
			"resolved": "https://registry.npmjs.org/react-native-safe-area-context/-/react-native-safe-area-context-5.7.0.tgz",
			"integrity": "sha512-/9/MtQz8ODphjsLdZ+GZAIcC/RtoqW9EeShf7Uvnfgm/pzYrJ75y3PV/J1wuAV1T5Dye5ygq4EAW20RoBq0ABQ==",
			"license": "MIT",
			"peer": true,
			"peerDependencies": {
				"react": "*",
				"react-native": "*"
			}
		},
		"node_modules/react-native-screens": {
			"version": "4.24.0",
			"resolved": "https://registry.npmjs.org/react-native-screens/-/react-native-screens-4.24.0.tgz",
			"integrity": "sha512-SyoiGaDofiyGPFrUkn1oGsAzkRuX1JUvTD9YQQK3G1JGQ5VWkvHgYSsc1K9OrLsDQxN7NmV71O0sHCAh8cBetA==",
			"license": "MIT",
			"peer": true,
			"dependencies": {
				"react-freeze": "^1.0.0",
				"warn-once": "^0.1.0"
			},
			"peerDependencies": {
				"react": "*",
				"react-native": "*"
			}
		},
		"node_modules/react-native-web": {
			"resolved": "../../node_modules/.pnpm/react-native-web@0.21.2_react-dom@19.2.0_react@19.2.0__react@19.2.0/node_modules/react-native-web",
			"link": true
		},
		"node_modules/sf-symbols-typescript": {
			"version": "2.2.0",
			"resolved": "https://registry.npmjs.org/sf-symbols-typescript/-/sf-symbols-typescript-2.2.0.tgz",
			"integrity": "sha512-TPbeg0b7ylrswdGCji8FRGFAKuqbpQlLbL8SOle3j1iHSs5Ob5mhvMAxWN2UItOjgALAB5Zp3fmMfj8mbWvXKw==",
			"license": "MIT",
			"engines": {
				"node": ">=10"
			}
		},
		"node_modules/simple-swizzle": {
			"version": "0.2.4",
			"resolved": "https://registry.npmjs.org/simple-swizzle/-/simple-swizzle-0.2.4.tgz",
			"integrity": "sha512-nAu1WFPQSMNr2Zn9PGSZK9AGn4t/y97lEm+MXTtUDwfP0ksAIX4nO+6ruD9Jwut4C49SB1Ws+fbXsm/yScWOHw==",
			"license": "MIT",
			"dependencies": {
				"is-arrayish": "^0.3.1"
			}
		},
		"node_modules/split-on-first": {
			"version": "1.1.0",
			"resolved": "https://registry.npmjs.org/split-on-first/-/split-on-first-1.1.0.tgz",
			"integrity": "sha512-43ZssAJaMusuKWL8sKUBQXHWOpq8d6CfN/u1p4gUzfJkM05C8rxTmYrkIPTXapZpORA6LkkzcUulJ8FqA7Uudw==",
			"license": "MIT",
			"engines": {
				"node": ">=6"
			}
		},
		"node_modules/strict-uri-encode": {
			"version": "2.0.0",
			"resolved": "https://registry.npmjs.org/strict-uri-encode/-/strict-uri-encode-2.0.0.tgz",
			"integrity": "sha512-QwiXZgpRcKkhTj2Scnn++4PKtWsH0kpzZ62L2R6c/LUVYv7hVnZqcg2+sMuT6R7Jusu1vviK/MFsu6kNJfWlEQ==",
			"license": "MIT",
			"engines": {
				"node": ">=4"
			}
		},
		"node_modules/typescript": {
			"resolved": "../../node_modules/.pnpm/typescript@5.9.3/node_modules/typescript",
			"link": true
		},
		"node_modules/use-latest-callback": {
			"version": "0.3.3",
			"resolved": "https://registry.npmjs.org/use-latest-callback/-/use-latest-callback-0.3.3.tgz",
			"integrity": "sha512-G9A/EL7okx4wzBfATt8bdGg0v1K0Gp0IClTzljffM63gtPisgDKCaLCLUb4g2M4CoXDg5yyHjOU+g3SUPbXwrA==",
			"license": "MIT",
			"peerDependencies": {
				"react": ">=16.8"
			}
		},
		"node_modules/use-sync-external-store": {
			"version": "1.6.0",
			"resolved": "https://registry.npmjs.org/use-sync-external-store/-/use-sync-external-store-1.6.0.tgz",
			"integrity": "sha512-Pp6GSwGP/NrPIrxVFAIkOQeyw8lFenOHijQWkUTrDvrF4ALqylP2C/KCkeS9dpUM3KvYRQhna5vt7IL95+ZQ9w==",
			"license": "MIT",
			"peerDependencies": {
				"react": "^16.8.0 || ^17.0.0 || ^18.0.0 || ^19.0.0"
			}
		},
		"node_modules/vite": {
			"resolved": "../../node_modules/.pnpm/vite@7.3.1_@types+node@25.4.0_jiti@2.6.1_lightningcss@1.32.0_sass-embedded@1.97.3_sass@_26d6c05af6f2a6a4d12e65b33e8fe0f1/node_modules/vite",
			"link": true
		},
		"node_modules/vite-plugin-react-native-web": {
			"resolved": "../../node_modules/.pnpm/vite-plugin-react-native-web@2.7.1/node_modules/vite-plugin-react-native-web",
			"link": true
		},
		"node_modules/warn-once": {
			"version": "0.1.1",
			"resolved": "https://registry.npmjs.org/warn-once/-/warn-once-0.1.1.tgz",
			"integrity": "sha512-VkQZJbO8zVImzYFteBXvBOZEl1qL175WH8VmZcxF2fZAoudNhNDvHi+doCaAEdU2l2vtcIwa2zn0QK5+I1HQ3Q==",
			"license": "MIT"
		}
	}
}
